
Microsoft Visual Studio Solution File, Format Version 12.00
# Visual Studio Version 16
VisualStudioVersion = 16.0.31424.327
MinimumVisualStudioVersion = 10.0.40219.1
Project("{FAE04EC0-301F-11D3-BF4B-00C04F79EFBC}") = "Notatnik", "Notatnik.csproj", "{7D817FD0-48B9-430D-8CD5-DF761B4FBB44}"
EndProject
Project("{2150E333-8FDC-42A3-9474-1A3956D46DE8}") = "Solution Items", "Solution Items", "{38370325-D911-48C8-8C11-5F0C8A25A724}"
	ProjectSection(SolutionItems) = preProject
		.editorconfig = .editorconfig
	EndProjectSection
EndProject
Global
	GlobalSection(SolutionConfigurationPlatforms) = preSolution
		Debug|Any CPU = Debug|Any CPU
		Release|Any CPU = Release|Any CPU
	EndGlobalSection
	GlobalSection(ProjectConfigurationPlatforms) = postSolution
		{7D817FD0-48B9-430D-8CD5-DF761B4FBB44}.Debug|Any CPU.ActiveCfg = Debug|Any CPU
		{7D817FD0-48B9-430D-8CD5-DF761B4FBB44}.Debug|Any CPU.Build.0 = Debug|Any CPU
		{7D817FD0-48B9-430D-8CD5-DF761B4FBB44}.Release|Any CPU.ActiveCfg = Release|Any CPU
		{7D817FD0-48B9-430D-8CD5-DF761B4FBB44}.Release|Any CPU.Build.0 = Release|Any CPU
	EndGlobalSection
	GlobalSection(SolutionProperties) = preSolution
		HideSolutionNode = FALSE
	EndGlobalSection
	GlobalSection(ExtensibilityGlobals) = postSolution
		SolutionGuid = {4C719E2A-5E78-48FB-890B-FDB2F3FAA4CD}
	EndGlobalSection
EndGlobal
